{
  "lockfileVersion": 2,
  "configVersion": 1,
  "workspaces": {
    "": {
      "name": "ai-dj",
    },
    "packages/dj": {
      "name": "@ai-dj/dj",
      "version": "0.1.0",
      "devDependencies": {
        "@types/bun": "^1.4.2",
        "typescript": "^5",
      },
    },
    "packages/strudel": {
      "name": "@ai-dj/strudel",
      "version": "0.1.0",
      "dependencies": {
        "@strudel/core": "^1.2.6",
        "@strudel/mini": "^1.2.6",
        "@strudel/soundfonts": "^1.3.0",
        "@strudel/tonal": "^1.2.6",
        "@strudel/transpiler": "^1.2.6",
        "@strudel/webaudio": "^1.3.0",
        "node-web-audio-api": "^2.2.0",
        "superdough": "^1.3.0",
      },
      "devDependencies": {
        "@types/bun": "1.4.2",
        "typescript": "^5",
      },
    },
  },
  "packages": {
    "@ai-dj/dj": ["@ai-dj/dj@workspace:packages/dj"],

    "@ai-dj/strudel": ["@ai-dj/strudel@workspace:packages/strudel"],

    "@babel/runtime": ["@babel/runtime@7.29.7", "", {}, "sha512-Nq8OhGWiZIZGV6hLHoyAKLLcJihP/xFeBMGJoUrxTX2psI8dCifzLhZISFb+VWS3wFMRDmCGw5R+dOySCqPLhw=="],

    "@kabelsalat/core": ["@kabelsalat/core@0.4.0", "", {}, "sha512-5zV8nh8HffW8aexObXs5pE0xgL0jb1cHc3o8UN6AvK0mBt87fjZvW65E4rMslHyq+OuCscoBJW7B3MbYfWrwMQ=="],

    "@kabelsalat/lib": ["@kabelsalat/lib@0.4.1", "", { "dependencies": { "@kabelsalat/core": "0.4.0" } }, "sha512-gBCjrZKD9huTKNJuBC6BXM4PMQSg8otL8A/vp8j98P9v6yWTX1TuyaqdLg/1PrIAMV4hlWoav9ZD3YMFlrvouw=="],

    "@kabelsalat/web": ["@kabelsalat/web@0.4.1", "", { "dependencies": { "@kabelsalat/core": "0.4.0", "@kabelsalat/lib": "0.4.1" } }, "sha512-ASkFhePJLx3GjadYOueI7sHKXBbRPk/a1pfslFeQNI9gU7yZq/KrnkmOmLrgrtixAsy7gyi1vWqkmRRvH3Ki6w=="],

    "@strudel/core": ["@strudel/core@1.2.6", "", { "dependencies": { "@kabelsalat/web": "^0.4.1", "fraction.js": "^5.2.1" } }, "sha512-FA5Kxv3U+UhNRLIeuEpXck2o2J5AjHZbkAdSAK9Q2N3Az1G9Vnc+bXXfgDFyY3yRH9mXXQvTerz8jr876pGGng=="],

    "@strudel/draw": ["@strudel/draw@1.2.6", "", { "dependencies": { "@strudel/core": "1.2.6" } }, "sha512-7UPJ4xgDi2bt12KWSVAEt4rZjcOajxhHBJikvNA3LQT5IA/FTfD+TRSNu0CSB7zhmFM0Njgq6t7ttgsC8fdKCg=="],

    "@strudel/mini": ["@strudel/mini@1.2.6", "", { "dependencies": { "@strudel/core": "1.2.6" } }, "sha512-I5GFPLHI3TPcJuD2RdDcurA+lTogaSQ0TB+EimKTgEtSAbU6ZMEkSUOXZIFO5eaAcJcMucgKaBcmTKpD4oZjPA=="],

    "@strudel/soundfonts": ["@strudel/soundfonts@1.3.0", "", { "dependencies": { "@strudel/core": "1.2.6", "@strudel/webaudio": "1.3.0", "sfumato": "^0.1.2", "soundfont2": "^0.5.0" } }, "sha512-gr92e5gC+57KKqRolZYu0Qf7McKfrY9URHCp7UxpMhnd39utKekfBnD8WLnvv5jrYmbBuKvx/IYpaIxo51CgXQ=="],

    "@strudel/tonal": ["@strudel/tonal@1.2.6", "", { "dependencies": { "@strudel/core": "1.2.6", "@tonaljs/tonal": "^4.10.0", "chord-voicings": "^0.0.1", "webmidi": "^3.1.12" } }, "sha512-I2ev0IJFmqvDt/vFkL8vIDXNanK5EZF+MNhlio3nHt1d6ngZZJyCNzC1OxoaiQKxZNN7+mpGIC3Cx/zcBC3weQ=="],

    "@strudel/transpiler": ["@strudel/transpiler@1.2.6", "", { "dependencies": { "@strudel/core": "1.2.6", "@strudel/mini": "1.2.6", "acorn": "^8.14.0", "escodegen": "^2.1.0", "estree-walker": "^3.0.3" } }, "sha512-NzmyQDS4BqjafOPzHGFowxILDx3ZRAPD47YszxNaPB7PggMA2rMo9t3rLz80G0GxA0ZAyMbVMR3px9jDWnJ5hg=="],

    "@strudel/webaudio": ["@strudel/webaudio@1.3.0", "", { "dependencies": { "@strudel/core": "1.2.6", "@strudel/draw": "1.2.6", "superdough": "1.3.0", "supradough": "1.2.4" } }, "sha512-H23KJfxA5l2woG0TwNf+VMvjbj9SwR1y1qgzJW26Z35/9c5pbVs2IHPUpFwP0dWoA/4dmG2cmTMwI1e/TL8kGA=="],

    "@tonaljs/abc-notation": ["@tonaljs/abc-notation@4.9.1", "", { "dependencies": { "@tonaljs/pitch-distance": "5.0.5", "@tonaljs/pitch-note": "6.1.0" } }, "sha512-2fDUdPsFDdgZgyIiZCTYGKy30QiwIQxSXCSN2thGrSMXbQKCp8iTC8haStYcrA+25MPWhWlmvC/pz3tGcTNAqQ=="],

    "@tonaljs/array": ["@tonaljs/array@4.8.4", "", { "dependencies": { "@tonaljs/pitch-note": "6.1.0" } }, "sha512-97HVdpZy82PqNBDMM9PRSbO2DUrnxNg3++N4xqLpfby70fKHAHhTWrMXWZK+Dzs76HDPQLd+qhd4cq28eBZzjw=="],

    "@tonaljs/chord": ["@tonaljs/chord@4.10.2", "", { "dependencies": { "@tonaljs/chord-detect": "^4.8.1", "@tonaljs/chord-type": "^4.8.2", "@tonaljs/collection": "^4.8.0", "@tonaljs/core": "^4.10.0", "@tonaljs/pcset": "^4.8.2", "@tonaljs/scale-type": "^4.8.2" } }, "sha512-Zlqtq6c6T4y+EqvwHRQp9icEjHqyniCpnIwwCFg5amgAQwXmWzarouOOSmcdJ1Is92eEvcPVuCoLiVUtajS30A=="],

    "@tonaljs/chord-detect": ["@tonaljs/chord-detect@4.9.1", "", { "dependencies": { "@tonaljs/chord-type": "5.1.1", "@tonaljs/pcset": "4.10.1", "@tonaljs/pitch-note": "6.1.0" } }, "sha512-rV/9+R7aZ9cQorQ3jdNMMMh63onosglYZM71Q0n7KKcWMAGrxF66MzxBG82xy+w1QDMJQslB3iHfDHUiS6wRjA=="],

    "@tonaljs/chord-type": ["@tonaljs/chord-type@4.8.2", "", { "dependencies": { "@tonaljs/core": "^4.8.0", "@tonaljs/pcset": "^4.8.2" } }, "sha512-GzSTjQmZjkUdPhyesFDeJbxpW8R7L/bAE34E8ApGAh9FMcKYpRdX3Tn+gkluRsXOiRMfW07p3E0Adx4bjtyN+Q=="],

    "@tonaljs/collection": ["@tonaljs/collection@4.9.0", "", {}, "sha512-Mk0h7O54nT6PgNVcUYauzxa5KOB23+0AOKudWzRH7JhJIN9vhVIC7PtwZXE+/G051UTbHSFIcN/afkgF4nB/8A=="],

    "@tonaljs/core": ["@tonaljs/core@4.10.4", "", { "dependencies": { "@tonaljs/pitch": "5.0.1", "@tonaljs/pitch-distance": "5.0.2", "@tonaljs/pitch-interval": "5.0.2", "@tonaljs/pitch-note": "5.0.3" } }, "sha512-PhGlQ2Js6rFQ6CufkSiBpEJoPS8QIIhbXSXhT4U+5ffqckli+YBZRN24vjZ4AEKuX8xoYDmCCbl+r6agauvzmw=="],

    "@tonaljs/duration-value": ["@tonaljs/duration-value@4.9.0", "", {}, "sha512-Muz54HyIe0nMYKWx6wyTa4y17ma29DtpJF4/oqJphy6A124rAVDe/SKit8JGOvDYAQj71FUXqs17sXBxO/ExVw=="],

    "@tonaljs/interval": ["@tonaljs/interval@4.8.2", "", { "dependencies": { "@tonaljs/pitch": "^5.0.1", "@tonaljs/pitch-distance": "^5.0.2", "@tonaljs/pitch-interval": "^5.0.2" } }, "sha512-9SEuJuqFdmu9lnvMmJtxbReQcQvZ1YHXhCcxaF6Re23/w+BqiJvvkvNZhfWH+n1+g0uaSdTsuvMfamp7hAvPMw=="],

    "@tonaljs/key": ["@tonaljs/key@4.11.2", "", { "dependencies": { "@tonaljs/note": "4.12.1", "@tonaljs/pitch-note": "6.1.0", "@tonaljs/roman-numeral": "4.9.1" } }, "sha512-fc1y5+NwS4S3amirzYLLB324PxJDO00oIBbLJclAddc46UBeYnu4FNz+1nZboHCXRQ/06/ftuaWD/l7HrAoulw=="],

    "@tonaljs/midi": ["@tonaljs/midi@4.10.2", "", { "dependencies": { "@tonaljs/pitch-note": "6.1.0" } }, "sha512-MPamXhEwPL7L1udLfYMm3Ft8mLYtHr62Zi2w5zYHM2P7YwIvNoiX0+dvAN5is1Wvq4iVRa8AjFHerjOW/SZhGg=="],

    "@tonaljs/mode": ["@tonaljs/mode@4.9.2", "", { "dependencies": { "@tonaljs/collection": "4.9.0", "@tonaljs/interval": "5.1.0", "@tonaljs/pcset": "4.10.1", "@tonaljs/pitch-distance": "5.0.5", "@tonaljs/pitch-note": "6.1.0", "@tonaljs/scale-type": "4.9.2" } }, "sha512-Il48fWX9SnGMzwNFVbizkWkr/SJ+aCIIHhjWfSf1agrQAoq81536qBXEyEyvia6aqEXC4OaXAQ5rSoBcmQRj1Q=="],

    "@tonaljs/note": ["@tonaljs/note@4.12.1", "", { "dependencies": { "@tonaljs/midi": "4.10.2", "@tonaljs/pitch": "5.0.2", "@tonaljs/pitch-distance": "5.0.5", "@tonaljs/pitch-interval": "6.1.0", "@tonaljs/pitch-note": "6.1.0" } }, "sha512-yh6cnhu21bUb0VuIQWxObSbWBVp2cHIkJj4zZ4qsNOW4jSqn74+wHpSbOTDF8q+2hl6upz7TtBRavtqwPtLUCQ=="],

    "@tonaljs/pcset": ["@tonaljs/pcset@4.10.1", "", { "dependencies": { "@tonaljs/collection": "4.9.0", "@tonaljs/pitch": "5.0.2", "@tonaljs/pitch-distance": "5.0.5", "@tonaljs/pitch-interval": "6.1.0", "@tonaljs/pitch-note": "6.1.0" } }, "sha512-CZG1rpKc38yMfpEJsbDTvsTmQqsek9xxcuMgK64Tr6sP1lEiDuZJbQeKVWWRnreBF2FQ1cEGLmfOpvSO+40csA=="],

    "@tonaljs/pitch": ["@tonaljs/pitch@5.0.1", "", {}, "sha512-5HYkF4hGY0jS2y5V3Hf5gNFXX46kT4cAcI7JLEn+qQb9N1dU9Gz9koI9di0mD1Tbam+kviceiCsJl4WX/FqYjA=="],

    "@tonaljs/pitch-distance": ["@tonaljs/pitch-distance@5.0.5", "", { "dependencies": { "@tonaljs/pitch": "5.0.2", "@tonaljs/pitch-interval": "6.1.0", "@tonaljs/pitch-note": "6.1.0" } }, "sha512-dTfjsU0zyrj5YmiFio5prPaD5w7sBmHp4nnmlEg70nHY+SerAH0KiO9HM9usttVgRFUaXl0Gc7OI8YMGfSFmug=="],

    "@tonaljs/pitch-interval": ["@tonaljs/pitch-interval@5.0.2", "", { "dependencies": { "@tonaljs/pitch": "5.0.1" } }, "sha512-bQmxeenRFNuuABs9mDc+bSUp3ySGw8I49pHMoGDdCcro9n3MDN8IsSwhvKoGOYErFMx76rNn1t+7WL8ukpvX5w=="],

    "@tonaljs/pitch-note": ["@tonaljs/pitch-note@6.1.0", "", { "dependencies": { "@tonaljs/pitch": "5.0.2" } }, "sha512-A4OSLo8DjM38u73862LnDmL4YInDDRBmg0fojXcvu4cyU3oOlqndyeHOra1OVoH/WW46uNIxNs1wJDZNPWL5KQ=="],

    "@tonaljs/progression": ["@tonaljs/progression@4.9.2", "", { "dependencies": { "@tonaljs/chord": "6.1.2", "@tonaljs/pitch-distance": "5.0.5", "@tonaljs/pitch-interval": "6.1.0", "@tonaljs/pitch-note": "6.1.0", "@tonaljs/roman-numeral": "4.9.1" } }, "sha512-1Pmau5tKoWmY2H/fp9WVJ5Qm4c+xlu7IEZb3R3uLbc26kJq97DbuSnfArIAQoZTum2V6lOEN/Dt34E9OrGKnoA=="],

    "@tonaljs/range": ["@tonaljs/range@4.9.2", "", { "dependencies": { "@tonaljs/collection": "4.9.0", "@tonaljs/midi": "4.10.2" } }, "sha512-XhFbCJCrEEIVz3MNmdVp9QUyiJA6eqnNnQeNqto8AuT5BYuffHDoMkBmvvjPuV5Lh8zfF9D0aqglvqPbZ+neKQ=="],

    "@tonaljs/roman-numeral": ["@tonaljs/roman-numeral@4.9.1", "", { "dependencies": { "@tonaljs/pitch": "5.0.2", "@tonaljs/pitch-interval": "6.1.0", "@tonaljs/pitch-note": "6.1.0" } }, "sha512-dJGKBNHdPrNTE97ZDk4t6wpNmgYcpHyLkAvWkRP9I/HsDkeTFFQqNXosYIvspPWrFySlRpeqqFwcqV74MYoOag=="],

    "@tonaljs/scale": ["@tonaljs/scale@4.13.4", "", { "dependencies": { "@tonaljs/chord-type": "5.1.1", "@tonaljs/collection": "4.9.0", "@tonaljs/note": "4.12.1", "@tonaljs/pcset": "4.10.1", "@tonaljs/pitch-distance": "5.0.5", "@tonaljs/pitch-note": "6.1.0", "@tonaljs/scale-type": "4.9.2" } }, "sha512-hyilnmsCmoGQiRhYWKM1QPrqaNH3KGEfrSfxeXcicPnEh12yvrVRm4djKmTVw7Rc/5P4GniPAA51+CS0C5dbLw=="],

    "@tonaljs/scale-type": ["@tonaljs/scale-type@4.9.2", "", { "dependencies": { "@tonaljs/pcset": "4.10.1" } }, "sha512-XDRPySg0X6owJ6AVzVRpS4ZpgleAUQakuq5VtfQ0JitnJKGRYo5Y0w7Fl/wEz/X9aEMk2lxcdF8VGGMIsQFo0g=="],

    "@tonaljs/time-signature": ["@tonaljs/time-signature@4.9.0", "", {}, "sha512-zRo8CBqg/2guzTlF2vxyVIuB5gmwWQaxlknJPUSDII8CTdQ/x3a1LlNoMKkvTUnqwCihe3WrNPZ5XUfOOTthYA=="],

    "@tonaljs/tonal": ["@tonaljs/tonal@4.10.0", "", { "dependencies": { "@tonaljs/abc-notation": "^4.8.0", "@tonaljs/array": "^4.8.0", "@tonaljs/chord": "^4.8.0", "@tonaljs/chord-type": "^4.8.0", "@tonaljs/collection": "^4.8.0", "@tonaljs/core": "^4.8.0", "@tonaljs/duration-value": "^4.8.0", "@tonaljs/interval": "^4.8.0", "@tonaljs/key": "^4.9.0", "@tonaljs/midi": "^4.8.0", "@tonaljs/mode": "^4.8.0", "@tonaljs/note": "^4.9.0", "@tonaljs/pcset": "^4.8.0", "@tonaljs/progression": "^4.8.0", "@tonaljs/range": "^4.8.0", "@tonaljs/roman-numeral": "^4.8.0", "@tonaljs/scale": "^4.9.0", "@tonaljs/scale-type": "^4.8.0", "@tonaljs/time-signature": "^4.8.0" } }, "sha512-F2T9Fiy+j0MVped89kCrX1XF68mQOLUnny4pDOHrIf+OkrjtLQOzzaSOrX1tx0o72WUwQm1knz6D1d57b9X1HA=="],

    "@types/bun": ["@types/bun@1.4.2", "", { "dependencies": { "bun-types": "1.4.2" } }, "sha512-GimotNn7+ZV0uVArItBbriZsR1oNf0+WTzPkdcFrzShI7k2norL0uzEaJT8T33dWr7O/c9ZDuAFQrctKCi72oQ=="],

    "@types/estree": ["@types/estree@1.0.9", "", {}, "sha512-GhdPgy1el4/ImP05X05Uw4cw2/M93BCUmnEvWZNStlCzEKME4Fkk+YpoA5OiHNQmoS7Cafb8Xa3Pya8m1Qrzeg=="],

    "@types/node": ["@types/node@26.6.2", "", { "dependencies": { "undici-types": "~8.9.0" } }, "sha512-X1P21scMv4zGKLYqjdGjaKa7COa0RKVYYZZN/NfvLQ1JegxFhdhpZG/Lyn8AXx6CDUavKAd11v6BvfpkDByK8g=="],

    "acorn": ["acorn@8.18.0", "", { "bin": { "acorn": "bin/acorn" } }, "sha512-lGq+9yr1/GuAWaVYIHRjvvySG5/4VfKIvC8EWxStPdcDh/Ka7FG3twP6v4d5BkravUilhIAsG4Qj83t02LWUPQ=="],

    "bun-types": ["bun-types@1.4.2", "", { "dependencies": { "@types/node": "*" } }, "sha512-bxV1FgK7yBIzjRe5zBozIM4Bem11ZJcCXSrjWRG3YWLt8yFDePu4cLjpebO8OvPeIE9trbyPF4fuj3Cia4Fj3w=="],

    "caller": ["caller@1.1.0", "", {}, "sha512-n+21IZC3j06YpCWaxmUy5AnVqhmCIM2bQtqQyy00HJlmStRt6kwDX5F9Z97pqwAB+G/tgSz6q/kUBbNyQzIubw=="],

    "chord-voicings": ["chord-voicings@0.0.1", "", { "dependencies": { "@tonaljs/tonal": "^4.6.5" } }, "sha512-SutgB/4ynkkuiK6qdQ/k3QvCFcH0Vj8Ch4t6LbRyRQbVzP/TOztiCk3kvXd516UZ6fqk7ijDRELEFcKN+6V8sA=="],

    "data-uri-to-buffer": ["data-uri-to-buffer@4.0.1", "", {}, "sha512-0R9ikRb668HB7QDxT1vkpuUBtqc53YyAwMwGeUFKRojY/NWKvdZ+9UYtRfGmhqNbRkTSVpMbmyhXipFFv2cb/A=="],

    "djipevents": ["djipevents@2.0.7", "", { "dependencies": { "@babel/runtime": "^7.20.6" } }, "sha512-KNFYaU85imxOCKOUsIR70Iz9E19r96/X7LSH+u0tSoZdpWcBdzoqtTsU+wuLhc6GMpSFob+KInkZAbfKi01Bjg=="],

    "escodegen": ["escodegen@2.1.0", "", { "dependencies": { "esprima": "^4.0.1", "estraverse": "^5.2.0", "esutils": "^2.0.2" }, "optionalDependencies": { "source-map": "~0.6.1" }, "bin": { "esgenerate": "bin/esgenerate.js", "escodegen": "bin/escodegen.js" } }, "sha512-2NlIDTwUWJN0mRPQOdtQBzbUHvdGY2P1VXSyU83Q3xKxM7WHX2Ql8dKq782Q9TgQUNOLEzEYu9bzLNj1q88I5w=="],

    "esprima": ["esprima@4.0.1", "", { "bin": { "esparse": "./bin/esparse.js", "esvalidate": "./bin/esvalidate.js" } }, "sha512-eGuFFw7Upda+g4p+QHvnW0RyTX/SVeJBDM/gCtMARO0cLuT2HcEKnTPvhjV6aGeqrCB/sbNop0Kszm0jsaWU4A=="],

    "estraverse": ["estraverse@5.3.0", "", {}, "sha512-MMdARuVEQziNTeJD8DgMqmhwR11BRQ/cBP+pLtYdSTnf3MIO8fFeiINEbX36ZdNlfU/7A9f3gUw49B3oQsvwBA=="],

    "estree-walker": ["estree-walker@3.0.3", "", { "dependencies": { "@types/estree": "^1.0.0" } }, "sha512-7RUKfXgSMMkzt6ZuXmqapOurLGPPfgj6l9uRZ7lRGolvk0y2yocc35LdcxKC5PQZdn2DMqioAQ2NoWcrTKmm6g=="],

    "esutils": ["esutils@2.0.3", "", {}, "sha512-kVscqXk4OCp68SZ0dkgEKVi6/8ij300KBWTJq32P/dYeWTSwK41WyTxalN1eRmA5Z9UU/LX9D7FWSmV9SAYx6g=="],

    "fetch-blob": ["fetch-blob@3.2.0", "", { "dependencies": { "node-domexception": "^1.0.0", "web-streams-polyfill": "^3.0.3" } }, "sha512-7yAQpD2UMJzLi1Dqv7qFYnPbaPx7ZfFK6PiIxQ4PfkGPyNyl2Ugx+a/umUonmKqjhM4DnfbMvdX6otXq83soQQ=="],

    "formdata-polyfill": ["formdata-polyfill@4.0.10", "", { "dependencies": { "fetch-blob": "^3.1.2" } }, "sha512-buewHzMvYL29jdeQTVILecSaZKnt/RJWjoZCF5OW60Z67/GmSLBkOFM7qh1PI3zFNtJbaZL5eQu1vLfazOwj4g=="],

    "fraction.js": ["fraction.js@5.3.4", "", {}, "sha512-1X1NTtiJphryn/uLQz3whtY6jK3fTqoE3ohKs0tT+Ujr1W59oopxmoEh7Lu5p6vBaPbgoM0bzveAW4Qi5RyWDQ=="],

    "jazz-midi": ["jazz-midi@1.7.9", "", {}, "sha512-c8c4BBgwxdsIr1iVm53nadCrtH7BUlnX3V95ciK/gbvXN/ndE5+POskBalXgqlc/r9p2XUbdLTrgrC6fou5p9w=="],

    "jzz": ["jzz@1.9.6", "", { "dependencies": { "jazz-midi": "^1.7.9" } }, "sha512-J7ENLhXwfm2BNDKRUrL8eKtPhUS/CtMBpiafxQHDBcOWSocLhearDKEdh+ylnZFcr5OXWTed0gj6l/txeQA9vg=="],

    "nanostores": ["nanostores@0.11.4", "", {}, "sha512-k1oiVNN4hDK8NcNERSZLQiMfRzEGtfnvZvdBvey3SQbgn8Dcrk0h1I6vpxApjb10PFUflZrgJ2WEZyJQ+5v7YQ=="],

    "node-domexception": ["node-domexception@1.0.0", "", {}, "sha512-/jKZoMpw0F8GRwl4/eLROPA3cfcXtLApP0QzLmUT/HuPCZWyB7IY9ZrMeKw2O/nFIqPQB3PVM9aYm0F312AXDQ=="],

    "node-fetch": ["node-fetch@3.3.2", "", { "dependencies": { "data-uri-to-buffer": "^4.0.0", "fetch-blob": "^3.1.4", "formdata-polyfill": "^4.0.10" } }, "sha512-dRB78srN/l6gqWulah9SrxeYnxeddIG30+GOqK/9OlLVyLg3HPnr6SqOWTWOXKRwC2eGYCkZ59NNuSgvSrpgOA=="],

    "node-web-audio-api": ["node-web-audio-api@2.2.0", "", { "dependencies": { "caller": "^1.1.0", "node-fetch": "^3.3.2", "webidl-conversions": "^8.0.1" } }, "sha512-qM3dW3Z5HIz+O+++Uiia8x0OSNHcfJGUlexpCTdAkw8JlM17Ru1nV9a94wlxNRXqxT0Lr/ewwEnBXUwGMt24AA=="],

    "sfumato": ["sfumato@0.1.2", "", { "dependencies": { "soundfont2": "^0.4.0" } }, "sha512-j2s5BLUS5VUNtaK1l+v+yal3XjjV7JXCQIwE5Xs4yiQ3HJ+2Fc/dd3IkkrVHn0AJO2epShSWVoP3GnE0TvPdMg=="],

    "soundfont2": ["soundfont2@0.5.0", "", {}, "sha512-dcmNVtHT/Y8BOOrtmjt7hn6Bk6bB1g+O2bWB9fa6emW7kfwiEiEL4VvGQfwVt8g0m58LyoqVyuQ4ZFukMLwGHQ=="],

    "source-map": ["source-map@0.6.1", "", {}, "sha512-UjgapumWlbMhkBgzT7Ykc5YXUT46F0iKu8SGXq0bcwP5dz/h0Plj6enJqjz1Zbq2l5WaqYnrVbwWOWMyF3F47g=="],

    "superdough": ["superdough@1.3.0", "", { "dependencies": { "@kabelsalat/lib": "^0.4.1", "nanostores": "^0.11.3" } }, "sha512-LhmsrErcv9EMFNb79+3tvn6h7WgzKp4yRe1XtT2+eRY9oEpV4Jz0nb9Dxil3OLaNhQ6V2FuwPWBLQJb2aVtwuQ=="],

    "supradough": ["supradough@1.2.4", "", {}, "sha512-/v3cL9fq05QCQVwbttLHNZcjyyFFz5wdKvg3j6V6moRXpDlQG89l8dQtUIpQvHsxYI5sXNod9rh5bf+Y4NMGeA=="],

    "typescript": ["typescript@5.9.3", "", { "bin": { "tsc": "bin/tsc", "tsserver": "bin/tsserver" } }, "sha512-jl1vZzPDinLr9eUt3J/t7V6FgNEw9QjvBPdysz9KfQDD41fQrC2Y4vKQdiaUpFT4bXlb1RHhLpp8wtm6M5TgSw=="],

    "undici-types": ["undici-types@8.9.0", "", {}, "sha512-KTDyRTYX8sWmKXAikPHHSyc63CRPETMctyjKFupcC6OBLXT3xsN0e9aF7m+mIXutFWpUXuedtowG7iLOzp0kQg=="],

    "web-streams-polyfill": ["web-streams-polyfill@3.3.3", "", {}, "sha512-d2JWLCivmZYTSIoge9MsgFCZrt571BikcWGYkjC1khllbTeDlGqZ2D8vD8E/lJa8WGWbb7Plm8/XJYV7IJHZZw=="],

    "webidl-conversions": ["webidl-conversions@8.0.1", "", {}, "sha512-BMhLD/Sw+GbJC21C/UgyaZX41nPt8bUTg+jWyDeg7e7YN4xOM05YPSIXceACnXVtqyEw/LMClUQMtMZ+PGGpqQ=="],

    "webmidi": ["webmidi@3.3.1", "", { "dependencies": { "djipevents": "^2.0.7" }, "optionalDependencies": { "jzz": "^1.8.5" } }, "sha512-nbJPD3mtV4FbuaOsvgmyInBAnkU3yA0HDzidKtFRK4gweGfodoGEFo6Egddgxzlrk+pk887mwgkxGafrsujfLA=="],

    "@tonaljs/chord-detect/@tonaljs/chord-type": ["@tonaljs/chord-type@5.1.1", "", { "dependencies": { "@tonaljs/pcset": "4.10.1" } }, "sha512-ti4WzRYvvjH7to0G3zlJFq7WsjHqmcqbk8Jv98aZSR5YumLdY/ua2yOPPyoPq82n6vfgjZsacnAZ3v8/SodOcw=="],

    "@tonaljs/core/@tonaljs/pitch-distance": ["@tonaljs/pitch-distance@5.0.2", "", { "dependencies": { "@tonaljs/pitch": "5.0.1", "@tonaljs/pitch-interval": "5.0.2", "@tonaljs/pitch-note": "5.0.3" } }, "sha512-DPxfGJCf4BvfIVRxl2v142tuCKIziM6PomOBT0/s7U5o+Z5qFAIW0tNx/MKyL83guV74p+XIf5VI0w1flmXxDA=="],

    "@tonaljs/core/@tonaljs/pitch-note": ["@tonaljs/pitch-note@5.0.3", "", { "dependencies": { "@tonaljs/pitch": "5.0.1" } }, "sha512-JsPgqPa8VZdZtfwvgoHJz996BZqzvlnRxUF6c/Q9q8E0iq30UHBEid0Y6XldK+h6tuIENsG3a9jyvNNxRqIeYw=="],

    "@tonaljs/interval/@tonaljs/pitch": ["@tonaljs/pitch@5.0.2", "", {}, "sha512-mxaXJPPe+LIJdjzpZEl8I8Wx3dEvlzkBbsr2Ltwc2dTAdnErAZ5R0TxVq2egF27lMvQN2QPQPWI9iDPPdVUmrg=="],

    "@tonaljs/mode/@tonaljs/interval": ["@tonaljs/interval@5.1.0", "", { "dependencies": { "@tonaljs/pitch": "^5.0.2", "@tonaljs/pitch-distance": "^5.0.4", "@tonaljs/pitch-interval": "^6.0.0" } }, "sha512-GR9dUjn0j7yhjwjRh8HQxZYXOiVl05WfY3AFyMB9rfg807K4dSJmWfPTULPQXyHJ6NiZOPXcwRs8MxMLDxgdbg=="],

    "@tonaljs/note/@tonaljs/pitch": ["@tonaljs/pitch@5.0.2", "", {}, "sha512-mxaXJPPe+LIJdjzpZEl8I8Wx3dEvlzkBbsr2Ltwc2dTAdnErAZ5R0TxVq2egF27lMvQN2QPQPWI9iDPPdVUmrg=="],

    "@tonaljs/note/@tonaljs/pitch-interval": ["@tonaljs/pitch-interval@6.1.0", "", { "dependencies": { "@tonaljs/pitch": "5.0.2" } }, "sha512-9ZMxA7V4UgySnOKPIG6HECzhDb8mbiTCIdNNIzCIfz5XpjUmohku2YZpVVWMacLHgyeQicJzNoRiPel5oSAn4A=="],

    "@tonaljs/pcset/@tonaljs/pitch": ["@tonaljs/pitch@5.0.2", "", {}, "sha512-mxaXJPPe+LIJdjzpZEl8I8Wx3dEvlzkBbsr2Ltwc2dTAdnErAZ5R0TxVq2egF27lMvQN2QPQPWI9iDPPdVUmrg=="],

    "@tonaljs/pcset/@tonaljs/pitch-interval": ["@tonaljs/pitch-interval@6.1.0", "", { "dependencies": { "@tonaljs/pitch": "5.0.2" } }, "sha512-9ZMxA7V4UgySnOKPIG6HECzhDb8mbiTCIdNNIzCIfz5XpjUmohku2YZpVVWMacLHgyeQicJzNoRiPel5oSAn4A=="],

    "@tonaljs/pitch-distance/@tonaljs/pitch": ["@tonaljs/pitch@5.0.2", "", {}, "sha512-mxaXJPPe+LIJdjzpZEl8I8Wx3dEvlzkBbsr2Ltwc2dTAdnErAZ5R0TxVq2egF27lMvQN2QPQPWI9iDPPdVUmrg=="],

    "@tonaljs/pitch-distance/@tonaljs/pitch-interval": ["@tonaljs/pitch-interval@6.1.0", "", { "dependencies": { "@tonaljs/pitch": "5.0.2" } }, "sha512-9ZMxA7V4UgySnOKPIG6HECzhDb8mbiTCIdNNIzCIfz5XpjUmohku2YZpVVWMacLHgyeQicJzNoRiPel5oSAn4A=="],

    "@tonaljs/pitch-note/@tonaljs/pitch": ["@tonaljs/pitch@5.0.2", "", {}, "sha512-mxaXJPPe+LIJdjzpZEl8I8Wx3dEvlzkBbsr2Ltwc2dTAdnErAZ5R0TxVq2egF27lMvQN2QPQPWI9iDPPdVUmrg=="],

    "@tonaljs/progression/@tonaljs/chord": ["@tonaljs/chord@6.1.2", "", { "dependencies": { "@tonaljs/chord-detect": "4.9.1", "@tonaljs/chord-type": "5.1.1", "@tonaljs/collection": "4.9.0", "@tonaljs/interval": "^5.1.0", "@tonaljs/pcset": "4.10.1", "@tonaljs/pitch-distance": "5.0.5", "@tonaljs/pitch-note": "6.1.0", "@tonaljs/scale-type": "4.9.2" } }, "sha512-39crsPVyBJxdGJ1DGl+4diM+6+mZ/ws6crkQMlqX4zTYHMUVfJOQrko4mPF1CD89AFhHJe1zCT9Js+nNp3Gffg=="],

    "@tonaljs/progression/@tonaljs/pitch-interval": ["@tonaljs/pitch-interval@6.1.0", "", { "dependencies": { "@tonaljs/pitch": "5.0.2" } }, "sha512-9ZMxA7V4UgySnOKPIG6HECzhDb8mbiTCIdNNIzCIfz5XpjUmohku2YZpVVWMacLHgyeQicJzNoRiPel5oSAn4A=="],

    "@tonaljs/roman-numeral/@tonaljs/pitch": ["@tonaljs/pitch@5.0.2", "", {}, "sha512-mxaXJPPe+LIJdjzpZEl8I8Wx3dEvlzkBbsr2Ltwc2dTAdnErAZ5R0TxVq2egF27lMvQN2QPQPWI9iDPPdVUmrg=="],

    "@tonaljs/roman-numeral/@tonaljs/pitch-interval": ["@tonaljs/pitch-interval@6.1.0", "", { "dependencies": { "@tonaljs/pitch": "5.0.2" } }, "sha512-9ZMxA7V4UgySnOKPIG6HECzhDb8mbiTCIdNNIzCIfz5XpjUmohku2YZpVVWMacLHgyeQicJzNoRiPel5oSAn4A=="],

    "@tonaljs/scale/@tonaljs/chord-type": ["@tonaljs/chord-type@5.1.1", "", { "dependencies": { "@tonaljs/pcset": "4.10.1" } }, "sha512-ti4WzRYvvjH7to0G3zlJFq7WsjHqmcqbk8Jv98aZSR5YumLdY/ua2yOPPyoPq82n6vfgjZsacnAZ3v8/SodOcw=="],

    "sfumato/soundfont2": ["soundfont2@0.4.0", "", {}, "sha512-537WiurDBRbDLVhJMxXLE06D6yWxJCidfPClnibZ0f8dKMDpv+0fIfwCQ8pELE0JqKX05SOJosNJgKzQobaAEA=="],

    "@tonaljs/mode/@tonaljs/interval/@tonaljs/pitch": ["@tonaljs/pitch@5.0.2", "", {}, "sha512-mxaXJPPe+LIJdjzpZEl8I8Wx3dEvlzkBbsr2Ltwc2dTAdnErAZ5R0TxVq2egF27lMvQN2QPQPWI9iDPPdVUmrg=="],

    "@tonaljs/mode/@tonaljs/interval/@tonaljs/pitch-interval": ["@tonaljs/pitch-interval@6.1.0", "", { "dependencies": { "@tonaljs/pitch": "5.0.2" } }, "sha512-9ZMxA7V4UgySnOKPIG6HECzhDb8mbiTCIdNNIzCIfz5XpjUmohku2YZpVVWMacLHgyeQicJzNoRiPel5oSAn4A=="],

    "@tonaljs/progression/@tonaljs/chord/@tonaljs/chord-type": ["@tonaljs/chord-type@5.1.1", "", { "dependencies": { "@tonaljs/pcset": "4.10.1" } }, "sha512-ti4WzRYvvjH7to0G3zlJFq7WsjHqmcqbk8Jv98aZSR5YumLdY/ua2yOPPyoPq82n6vfgjZsacnAZ3v8/SodOcw=="],

    "@tonaljs/progression/@tonaljs/chord/@tonaljs/interval": ["@tonaljs/interval@5.1.0", "", { "dependencies": { "@tonaljs/pitch": "^5.0.2", "@tonaljs/pitch-distance": "^5.0.4", "@tonaljs/pitch-interval": "^6.0.0" } }, "sha512-GR9dUjn0j7yhjwjRh8HQxZYXOiVl05WfY3AFyMB9rfg807K4dSJmWfPTULPQXyHJ6NiZOPXcwRs8MxMLDxgdbg=="],

    "@tonaljs/progression/@tonaljs/pitch-interval/@tonaljs/pitch": ["@tonaljs/pitch@5.0.2", "", {}, "sha512-mxaXJPPe+LIJdjzpZEl8I8Wx3dEvlzkBbsr2Ltwc2dTAdnErAZ5R0TxVq2egF27lMvQN2QPQPWI9iDPPdVUmrg=="],

    "@tonaljs/progression/@tonaljs/chord/@tonaljs/interval/@tonaljs/pitch": ["@tonaljs/pitch@5.0.2", "", {}, "sha512-mxaXJPPe+LIJdjzpZEl8I8Wx3dEvlzkBbsr2Ltwc2dTAdnErAZ5R0TxVq2egF27lMvQN2QPQPWI9iDPPdVUmrg=="],
  }
}
