version = 1
revision = 3
requires-python = ">=3.10"

[[package]]
name = "ai-dj"
version = "0.1.0"
source = { editable = "." }

[package.optional-dependencies]
score-conversion = [
    { name = "lilypond-to-strudel" },
]

[package.metadata]
requires-dist = [{ name = "lilypond-to-strudel", marker = "extra == 'score-conversion'", editable = "packages/lilypond-to-strudel" }]
provides-extras = ["dev", "score-conversion"]

[[package]]
name = "lilypond-to-strudel"
version = "0.1.0"
source = { editable = "packages/lilypond-to-strudel" }
